
Microsoft Visual Studio Solution File, Format Version 12.00
# Visual Studio Version 16
VisualStudioVersion = 16.0.30204.135
MinimumVisualStudioVersion = 10.0.40219.1
Project("{FAE04EC0-301F-11D3-BF4B-00C04F79EFBC}") = "Employee_MVVM_WCF", "Employee_MVVM_WCF\Employee_MVVM_WCF.csproj", "{0B179456-17E1-42D4-B955-B9BB7214169E}"
EndProject
Global
	GlobalSection(SolutionConfigurationPlatforms) = preSolution
		Debug|Any CPU = Debug|Any CPU
		Release|Any CPU = Release|Any CPU
	EndGlobalSection
	GlobalSection(ProjectConfigurationPlatforms) = postSolution
		{0B179456-17E1-42D4-B955-B9BB7214169E}.Debug|Any CPU.ActiveCfg = Debug|Any CPU
		{0B179456-17E1-42D4-B955-B9BB7214169E}.Debug|Any CPU.Build.0 = Debug|Any CPU
		{0B179456-17E1-42D4-B955-B9BB7214169E}.Release|Any CPU.ActiveCfg = Release|Any CPU
		{0B179456-17E1-42D4-B955-B9BB7214169E}.Release|Any CPU.Build.0 = Release|Any CPU
	EndGlobalSection
	GlobalSection(SolutionProperties) = preSolution
		HideSolutionNode = FALSE
	EndGlobalSection
	GlobalSection(ExtensibilityGlobals) = postSolution
		SolutionGuid = {466935C5-3888-4F0A-B25C-424CB0304831}
	EndGlobalSection
EndGlobal
